
Microsoft Visual Studio Solution File, Format Version 12.00
# Visual Studio 15
VisualStudioVersion = 15.0.28307.271
MinimumVisualStudioVersion = 10.0.40219.1
Project("{FAE04EC0-301F-11D3-BF4B-00C04F79EFBC}") = "shesharp_01", "shesharp_01\shesharp_01.csproj", "{A8556A22-A81D-4EF6-826C-605FBF767417}"
EndProject
Global
	GlobalSection(SolutionConfigurationPlatforms) = preSolution
		Debug|Any CPU = Debug|Any CPU
		Release|Any CPU = Release|Any CPU
	EndGlobalSection
	GlobalSection(ProjectConfigurationPlatforms) = postSolution
		{A8556A22-A81D-4EF6-826C-605FBF767417}.Debug|Any CPU.ActiveCfg = Debug|Any CPU
		{A8556A22-A81D-4EF6-826C-605FBF767417}.Debug|Any CPU.Build.0 = Debug|Any CPU
		{A8556A22-A81D-4EF6-826C-605FBF767417}.Release|Any CPU.ActiveCfg = Release|Any CPU
		{A8556A22-A81D-4EF6-826C-605FBF767417}.Release|Any CPU.Build.0 = Release|Any CPU
	EndGlobalSection
	GlobalSection(SolutionProperties) = preSolution
		HideSolutionNode = FALSE
	EndGlobalSection
	GlobalSection(ExtensibilityGlobals) = postSolution
		SolutionGuid = {AE38566D-0439-45E6-8907-7819CE392767}
	EndGlobalSection
EndGlobal
